
Microsoft Visual Studio Solution File, Format Version 12.00
# Visual Studio Version 17
VisualStudioVersion = 17.14.36623.8
MinimumVisualStudioVersion = 10.0.40219.1
Project("{FAE04EC0-301F-11D3-BF4B-00C04F79EFBC}") = "Portfolio.Blazor", "Portfolio.Blazor.csproj", "{4105B953-A07E-0EE4-7751-1A1CE40202AC}"
EndProject
Global
	GlobalSection(SolutionConfigurationPlatforms) = preSolution
		Debug|Any CPU = Debug|Any CPU
		Release|Any CPU = Release|Any CPU
	EndGlobalSection
	GlobalSection(ProjectConfigurationPlatforms) = postSolution
		{4105B953-A07E-0EE4-7751-1A1CE40202AC}.Debug|Any CPU.ActiveCfg = Debug|Any CPU
		{4105B953-A07E-0EE4-7751-1A1CE40202AC}.Debug|Any CPU.Build.0 = Debug|Any CPU
		{4105B953-A07E-0EE4-7751-1A1CE40202AC}.Release|Any CPU.ActiveCfg = Release|Any CPU
		{4105B953-A07E-0EE4-7751-1A1CE40202AC}.Release|Any CPU.Build.0 = Release|Any CPU
	EndGlobalSection
	GlobalSection(SolutionProperties) = preSolution
		HideSolutionNode = FALSE
	EndGlobalSection
	GlobalSection(ExtensibilityGlobals) = postSolution
		SolutionGuid = {D6F9F711-64A6-46F2-B9DC-0D0B86921E20}
	EndGlobalSection
EndGlobal
